
Microsoft Visual Studio Solution File, Format Version 12.00
# Visual Studio Version 17
VisualStudioVersion = 17.14.36414.22 d17.14
MinimumVisualStudioVersion = 10.0.40219.1
Project("{FAE04EC0-301F-11D3-BF4B-00C04F79EFBC}") = "Problem Analysis Mini Project", "Problem Analysis Mini Project.csproj", "{06BC50E1-3B5A-4785-A5B0-A401E30770CF}"
EndProject
Global
	GlobalSection(SolutionConfigurationPlatforms) = preSolution
		Debug|Any CPU = Debug|Any CPU
		Release|Any CPU = Release|Any CPU
	EndGlobalSection
	GlobalSection(ProjectConfigurationPlatforms) = postSolution
		{06BC50E1-3B5A-4785-A5B0-A401E30770CF}.Debug|Any CPU.ActiveCfg = Debug|Any CPU
		{06BC50E1-3B5A-4785-A5B0-A401E30770CF}.Debug|Any CPU.Build.0 = Debug|Any CPU
		{06BC50E1-3B5A-4785-A5B0-A401E30770CF}.Release|Any CPU.ActiveCfg = Release|Any CPU
		{06BC50E1-3B5A-4785-A5B0-A401E30770CF}.Release|Any CPU.Build.0 = Release|Any CPU
	EndGlobalSection
	GlobalSection(SolutionProperties) = preSolution
		HideSolutionNode = FALSE
	EndGlobalSection
	GlobalSection(ExtensibilityGlobals) = postSolution
		SolutionGuid = {4C9CDCAF-FD9E-493D-88C3-162A52A117A7}
	EndGlobalSection
EndGlobal
